
Microsoft Visual Studio Solution File, Format Version 12.00
# Visual Studio Version 16
VisualStudioVersion = 16.0.30717.126
MinimumVisualStudioVersion = 10.0.40219.1
Project("{FAE04EC0-301F-11D3-BF4B-00C04F79EFBC}") = "BeautySaloon.Desktop", "BeautySaloon.Desktop\BeautySaloon.Desktop.csproj", "{0F40C0D9-A548-4B97-BBE0-12BFC318839F}"
EndProject
Project("{FAE04EC0-301F-11D3-BF4B-00C04F79EFBC}") = "BeautySaloon.Context", "BeautySaloon.Context\BeautySaloon.Context.csproj", "{AA8CEF61-1320-45AC-AF4E-1DA8711A7FE5}"
EndProject
Project("{FAE04EC0-301F-11D3-BF4B-00C04F79EFBC}") = "BeautySaloon.Model", "BeautySaloon.Model\BeautySaloon.Model.csproj", "{80AF755C-1418-4D39-802E-A2A58CAA16F9}"
EndProject
Global
	GlobalSection(SolutionConfigurationPlatforms) = preSolution
		Debug|Any CPU = Debug|Any CPU
		Release|Any CPU = Release|Any CPU
	EndGlobalSection
	GlobalSection(ProjectConfigurationPlatforms) = postSolution
		{0F40C0D9-A548-4B97-BBE0-12BFC318839F}.Debug|Any CPU.ActiveCfg = Debug|Any CPU
		{0F40C0D9-A548-4B97-BBE0-12BFC318839F}.Debug|Any CPU.Build.0 = Debug|Any CPU
		{0F40C0D9-A548-4B97-BBE0-12BFC318839F}.Release|Any CPU.ActiveCfg = Release|Any CPU
		{0F40C0D9-A548-4B97-BBE0-12BFC318839F}.Release|Any CPU.Build.0 = Release|Any CPU
		{AA8CEF61-1320-45AC-AF4E-1DA8711A7FE5}.Debug|Any CPU.ActiveCfg = Debug|Any CPU
		{AA8CEF61-1320-45AC-AF4E-1DA8711A7FE5}.Debug|Any CPU.Build.0 = Debug|Any CPU
		{AA8CEF61-1320-45AC-AF4E-1DA8711A7FE5}.Release|Any CPU.ActiveCfg = Release|Any CPU
		{AA8CEF61-1320-45AC-AF4E-1DA8711A7FE5}.Release|Any CPU.Build.0 = Release|Any CPU
		{80AF755C-1418-4D39-802E-A2A58CAA16F9}.Debug|Any CPU.ActiveCfg = Debug|Any CPU
		{80AF755C-1418-4D39-802E-A2A58CAA16F9}.Debug|Any CPU.Build.0 = Debug|Any CPU
		{80AF755C-1418-4D39-802E-A2A58CAA16F9}.Release|Any CPU.ActiveCfg = Release|Any CPU
		{80AF755C-1418-4D39-802E-A2A58CAA16F9}.Release|Any CPU.Build.0 = Release|Any CPU
	EndGlobalSection
	GlobalSection(SolutionProperties) = preSolution
		HideSolutionNode = FALSE
	EndGlobalSection
	GlobalSection(ExtensibilityGlobals) = postSolution
		SolutionGuid = {EB691ADB-FE54-4719-AEBA-CC6080A06D1E}
	EndGlobalSection
EndGlobal
